{
  "name": "likerpx-html-demo",
  "version": "1.0.0",
  "lockfileVersion": 1,
  "requires": true,
  "dependencies": {
    "likerpx": {
      "version": "1.1.10",
      "resolved": "https://registry.npmjs.org/likerpx/-/likerpx-1.1.10.tgz",
      "integrity": "sha512-eDVa+SFnYNd9WC6uBQPLYxvkZy+h5pT4ycKyeMhgQiBV7cZBYeeHI/EgD8E48VkUORjRie8xbW26PXb0ATf0mA=="
    }
  }
}
